
Microsoft Visual Studio Solution File, Format Version 12.00
# Visual Studio Version 17
VisualStudioVersion = 17.10.35027.167
MinimumVisualStudioVersion = 10.0.40219.1
Project("{8BC9CEB8-8B4A-11D0-8D11-00A0C91BC942}") = "Anunnaki", "Anunnaki\Anunnaki.vcxitems", "{1F0E2F1D-3184-4FF4-AB0B-F60E720F6115}"
EndProject
Global
	GlobalSection(SolutionProperties) = preSolution
		HideSolutionNode = FALSE
	EndGlobalSection
	GlobalSection(ExtensibilityGlobals) = postSolution
		SolutionGuid = {58644107-E9A0-4E14-B529-E431A72D745A}
	EndGlobalSection
EndGlobal
